{
  "requires": true,
  "lockfileVersion": 1,
  "dependencies": {
    "commander": {
      "version": "7.0.0",
      "resolved": "https://registry.npm.taobao.org/commander/download/commander-7.0.0.tgz?cache=0&sync_timestamp=1610702145547&other_urls=https%3A%2F%2Fregistry.npm.taobao.org%2Fcommander%2Fdownload%2Fcommander-7.0.0.tgz",
      "integrity": "sha1-Piu/2LtnJHYJgJiPtbIrfua3GrI="
    },
    "immutable": {
      "version": "4.0.0-rc.12",
      "resolved": "https://registry.npm.taobao.org/immutable/download/immutable-4.0.0-rc.12.tgz",
      "integrity": "sha1-ylmn5MGa6Nm/dKl73w9uLypdAhc="
    }
  }
}
